
Microsoft Visual Studio Solution File, Format Version 12.00
Project("{FAE04EC0-301F-11D3-BF4B-00C04F79EFBC}") = "Model", "Model\Model.csproj", "{4057E414-256D-4613-9E60-7C8F87F67868}"
EndProject
Project("{FAE04EC0-301F-11D3-BF4B-00C04F79EFBC}") = "Hotel", "Hotel\Hotel.csproj", "{52B95985-2C74-4FD3-8D61-BC3138B1C2B3}"
EndProject
Global
	GlobalSection(SolutionConfigurationPlatforms) = preSolution
		Debug|Any CPU = Debug|Any CPU
		Release|Any CPU = Release|Any CPU
	EndGlobalSection
	GlobalSection(ProjectConfigurationPlatforms) = postSolution
		{4057E414-256D-4613-9E60-7C8F87F67868}.Debug|Any CPU.ActiveCfg = Debug|Any CPU
		{4057E414-256D-4613-9E60-7C8F87F67868}.Debug|Any CPU.Build.0 = Debug|Any CPU
		{4057E414-256D-4613-9E60-7C8F87F67868}.Release|Any CPU.ActiveCfg = Release|Any CPU
		{4057E414-256D-4613-9E60-7C8F87F67868}.Release|Any CPU.Build.0 = Release|Any CPU
		{52B95985-2C74-4FD3-8D61-BC3138B1C2B3}.Debug|Any CPU.ActiveCfg = Debug|Any CPU
		{52B95985-2C74-4FD3-8D61-BC3138B1C2B3}.Debug|Any CPU.Build.0 = Debug|Any CPU
		{52B95985-2C74-4FD3-8D61-BC3138B1C2B3}.Release|Any CPU.ActiveCfg = Release|Any CPU
		{52B95985-2C74-4FD3-8D61-BC3138B1C2B3}.Release|Any CPU.Build.0 = Release|Any CPU
	EndGlobalSection
EndGlobal
